{
  "name": "esm-package",
  "version": "1.0.0",
  "lockfileVersion": 1,
  "requires": true,
  "dependencies": {
    "esm": {
      "version": "3.0.20",
      "resolved": "https://registry.npmjs.org/esm/-/esm-3.0.20.tgz",
      "integrity": "sha512-r2XJJxPKoX7nu0dN56nH861b7Gw9+zQlY4Tw3jmWGnZzyzElHyNZ3K11u5aScAIC2DBOjUaHEaB/K0kSt1nFKQ=="
    }
  }
}
