{
  "name": "esm-package",
  "version": "1.0.0",
  "lockfileVersion": 1,
  "requires": true,
  "dependencies": {
    "config": {
      "version": "1.30.0",
      "resolved": "https://registry.npmjs.org/config/-/config-1.30.0.tgz",
      "integrity": "sha1-HWCp81NIoTwXV5jThOgaWhbDum4=",
      "requires": {
        "json5": "0.4.0",
        "os-homedir": "1.0.2"
      }
    },
    "esm": {
      "version": "3.0.20",
      "resolved": "https://registry.npmjs.org/esm/-/esm-3.0.20.tgz",
      "integrity": "sha512-r2XJJxPKoX7nu0dN56nH861b7Gw9+zQlY4Tw3jmWGnZzyzElHyNZ3K11u5aScAIC2DBOjUaHEaB/K0kSt1nFKQ=="
    },
    "json5": {
      "version": "0.4.0",
      "resolved": "https://registry.npmjs.org/json5/-/json5-0.4.0.tgz",
      "integrity": "sha1-BUNS5MTIDIbAkjh31EneF2pzLI0="
    },
    "os-homedir": {
      "version": "1.0.2",
      "resolved": "https://registry.npmjs.org/os-homedir/-/os-homedir-1.0.2.tgz",
      "integrity": "sha1-/7xJiDNuDoM94MFox+8VISGqf7M="
    }
  }
}
